
Microsoft Visual Studio Solution File, Format Version 12.00
# Visual Studio Version 17
VisualStudioVersion = 17.0.31903.59
MinimumVisualStudioVersion = 10.0.40219.1
Project("{2150E333-8FDC-42A3-9474-1A3956D46DE8}") = "src", "src", "{827E0CD3-B72D-47B6-A68D-7590B98EB39B}"
EndProject
Project("{FAE04EC0-301F-11D3-BF4B-00C04F79EFBC}") = "BA.Dmo.Domain", "src\BA.Dmo.Domain\BA.Dmo.Domain.csproj", "{21DA834E-79D2-4535-B3EA-E98271972049}"
EndProject
Project("{FAE04EC0-301F-11D3-BF4B-00C04F79EFBC}") = "BA.Dmo.Application", "src\BA.Dmo.Application\BA.Dmo.Application.csproj", "{14F589C1-8DD7-4FA2-A802-34D784B3308F}"
EndProject
Project("{FAE04EC0-301F-11D3-BF4B-00C04F79EFBC}") = "BA.Dmo.Infrastructure", "src\BA.Dmo.Infrastructure\BA.Dmo.Infrastructure.csproj", "{D0F004D9-D8FA-4A7B-9FA3-8D6ABDD33CFA}"
EndProject
Project("{FAE04EC0-301F-11D3-BF4B-00C04F79EFBC}") = "BA.Dmo.Web", "src\BA.Dmo.Web\BA.Dmo.Web.csproj", "{16FA1548-6F45-4AB8-B2F1-DE512CCEC254}"
EndProject
Project("{2150E333-8FDC-42A3-9474-1A3956D46DE8}") = "tests", "tests", "{0AB3BF05-4346-4AA6-1389-037BE0695223}"
EndProject
Project("{FAE04EC0-301F-11D3-BF4B-00C04F79EFBC}") = "BA.Dmo.UnitTests", "AI-CONTEXT\docs\tests\BA.Dmo.UnitTests\BA.Dmo.UnitTests.csproj", "{81197EA3-5063-4843-869B-66A59D9C6C60}"
EndProject
Project("{FAE04EC0-301F-11D3-BF4B-00C04F79EFBC}") = "BA.Dmo.IntegrationTests", "AI-CONTEXT\docs\tests\BA.Dmo.IntegrationTests\BA.Dmo.IntegrationTests.csproj", "{A5DE3034-E5B4-4B51-BE79-200F434D7C0A}"
EndProject
Project("{FAE04EC0-301F-11D3-BF4B-00C04F79EFBC}") = "BA.Dmo.VisualHost", "AI-CONTEXT\docs\tests\BA.Dmo.VisualHost\BA.Dmo.VisualHost.csproj", "{B4B1C6FE-E8C1-4D3C-9A62-6C4B5DE0D7C9}"
EndProject
Global
	GlobalSection(SolutionConfigurationPlatforms) = preSolution
		Debug|Any CPU = Debug|Any CPU
		Debug|x64 = Debug|x64
		Debug|x86 = Debug|x86
		Release|Any CPU = Release|Any CPU
		Release|x64 = Release|x64
		Release|x86 = Release|x86
	EndGlobalSection
	GlobalSection(ProjectConfigurationPlatforms) = postSolution
		{21DA834E-79D2-4535-B3EA-E98271972049}.Debug|Any CPU.ActiveCfg = Debug|Any CPU
		{21DA834E-79D2-4535-B3EA-E98271972049}.Debug|Any CPU.Build.0 = Debug|Any CPU
		{21DA834E-79D2-4535-B3EA-E98271972049}.Debug|x64.ActiveCfg = Debug|Any CPU
		{21DA834E-79D2-4535-B3EA-E98271972049}.Debug|x64.Build.0 = Debug|Any CPU
		{21DA834E-79D2-4535-B3EA-E98271972049}.Debug|x86.ActiveCfg = Debug|Any CPU
		{21DA834E-79D2-4535-B3EA-E98271972049}.Debug|x86.Build.0 = Debug|Any CPU
		{21DA834E-79D2-4535-B3EA-E98271972049}.Release|Any CPU.ActiveCfg = Release|Any CPU
		{21DA834E-79D2-4535-B3EA-E98271972049}.Release|Any CPU.Build.0 = Release|Any CPU
		{21DA834E-79D2-4535-B3EA-E98271972049}.Release|x64.ActiveCfg = Release|Any CPU
		{21DA834E-79D2-4535-B3EA-E98271972049}.Release|x64.Build.0 = Release|Any CPU
		{21DA834E-79D2-4535-B3EA-E98271972049}.Release|x86.ActiveCfg = Release|Any CPU
		{21DA834E-79D2-4535-B3EA-E98271972049}.Release|x86.Build.0 = Release|Any CPU
		{14F589C1-8DD7-4FA2-A802-34D784B3308F}.Debug|Any CPU.ActiveCfg = Debug|Any CPU
		{14F589C1-8DD7-4FA2-A802-34D784B3308F}.Debug|Any CPU.Build.0 = Debug|Any CPU
		{14F589C1-8DD7-4FA2-A802-34D784B3308F}.Debug|x64.ActiveCfg = Debug|Any CPU
		{14F589C1-8DD7-4FA2-A802-34D784B3308F}.Debug|x64.Build.0 = Debug|Any CPU
		{14F589C1-8DD7-4FA2-A802-34D784B3308F}.Debug|x86.ActiveCfg = Debug|Any CPU
		{14F589C1-8DD7-4FA2-A802-34D784B3308F}.Debug|x86.Build.0 = Debug|Any CPU
		{14F589C1-8DD7-4FA2-A802-34D784B3308F}.Release|Any CPU.ActiveCfg = Release|Any CPU
		{14F589C1-8DD7-4FA2-A802-34D784B3308F}.Release|Any CPU.Build.0 = Release|Any CPU
		{14F589C1-8DD7-4FA2-A802-34D784B3308F}.Release|x64.ActiveCfg = Release|Any CPU
		{14F589C1-8DD7-4FA2-A802-34D784B3308F}.Release|x64.Build.0 = Release|Any CPU
		{14F589C1-8DD7-4FA2-A802-34D784B3308F}.Release|x86.ActiveCfg = Release|Any CPU
		{14F589C1-8DD7-4FA2-A802-34D784B3308F}.Release|x86.Build.0 = Release|Any CPU
		{D0F004D9-D8FA-4A7B-9FA3-8D6ABDD33CFA}.Debug|Any CPU.ActiveCfg = Debug|Any CPU
		{D0F004D9-D8FA-4A7B-9FA3-8D6ABDD33CFA}.Debug|Any CPU.Build.0 = Debug|Any CPU
		{D0F004D9-D8FA-4A7B-9FA3-8D6ABDD33CFA}.Debug|x64.ActiveCfg = Debug|Any CPU
		{D0F004D9-D8FA-4A7B-9FA3-8D6ABDD33CFA}.Debug|x64.Build.0 = Debug|Any CPU
		{D0F004D9-D8FA-4A7B-9FA3-8D6ABDD33CFA}.Debug|x86.ActiveCfg = Debug|Any CPU
		{D0F004D9-D8FA-4A7B-9FA3-8D6ABDD33CFA}.Debug|x86.Build.0 = Debug|Any CPU
		{D0F004D9-D8FA-4A7B-9FA3-8D6ABDD33CFA}.Release|Any CPU.ActiveCfg = Release|Any CPU
		{D0F004D9-D8FA-4A7B-9FA3-8D6ABDD33CFA}.Release|Any CPU.Build.0 = Release|Any CPU
		{D0F004D9-D8FA-4A7B-9FA3-8D6ABDD33CFA}.Release|x64.ActiveCfg = Release|Any CPU
		{D0F004D9-D8FA-4A7B-9FA3-8D6ABDD33CFA}.Release|x64.Build.0 = Release|Any CPU
		{D0F004D9-D8FA-4A7B-9FA3-8D6ABDD33CFA}.Release|x86.ActiveCfg = Release|Any CPU
		{D0F004D9-D8FA-4A7B-9FA3-8D6ABDD33CFA}.Release|x86.Build.0 = Release|Any CPU
		{16FA1548-6F45-4AB8-B2F1-DE512CCEC254}.Debug|Any CPU.ActiveCfg = Debug|Any CPU
		{16FA1548-6F45-4AB8-B2F1-DE512CCEC254}.Debug|Any CPU.Build.0 = Debug|Any CPU
		{16FA1548-6F45-4AB8-B2F1-DE512CCEC254}.Debug|x64.ActiveCfg = Debug|Any CPU
		{16FA1548-6F45-4AB8-B2F1-DE512CCEC254}.Debug|x64.Build.0 = Debug|Any CPU
		{16FA1548-6F45-4AB8-B2F1-DE512CCEC254}.Debug|x86.ActiveCfg = Debug|Any CPU
		{16FA1548-6F45-4AB8-B2F1-DE512CCEC254}.Debug|x86.Build.0 = Debug|Any CPU
		{16FA1548-6F45-4AB8-B2F1-DE512CCEC254}.Release|Any CPU.ActiveCfg = Release|Any CPU
		{16FA1548-6F45-4AB8-B2F1-DE512CCEC254}.Release|Any CPU.Build.0 = Release|Any CPU
		{16FA1548-6F45-4AB8-B2F1-DE512CCEC254}.Release|x64.ActiveCfg = Release|Any CPU
		{16FA1548-6F45-4AB8-B2F1-DE512CCEC254}.Release|x64.Build.0 = Release|Any CPU
		{16FA1548-6F45-4AB8-B2F1-DE512CCEC254}.Release|x86.ActiveCfg = Release|Any CPU
		{16FA1548-6F45-4AB8-B2F1-DE512CCEC254}.Release|x86.Build.0 = Release|Any CPU
		{81197EA3-5063-4843-869B-66A59D9C6C60}.Debug|Any CPU.ActiveCfg = Debug|Any CPU
		{81197EA3-5063-4843-869B-66A59D9C6C60}.Debug|Any CPU.Build.0 = Debug|Any CPU
		{81197EA3-5063-4843-869B-66A59D9C6C60}.Debug|x64.ActiveCfg = Debug|Any CPU
		{81197EA3-5063-4843-869B-66A59D9C6C60}.Debug|x64.Build.0 = Debug|Any CPU
		{81197EA3-5063-4843-869B-66A59D9C6C60}.Debug|x86.ActiveCfg = Debug|Any CPU
		{81197EA3-5063-4843-869B-66A59D9C6C60}.Debug|x86.Build.0 = Debug|Any CPU
		{81197EA3-5063-4843-869B-66A59D9C6C60}.Release|Any CPU.ActiveCfg = Release|Any CPU
		{81197EA3-5063-4843-869B-66A59D9C6C60}.Release|Any CPU.Build.0 = Release|Any CPU
		{81197EA3-5063-4843-869B-66A59D9C6C60}.Release|x64.ActiveCfg = Release|Any CPU
		{81197EA3-5063-4843-869B-66A59D9C6C60}.Release|x64.Build.0 = Release|Any CPU
		{81197EA3-5063-4843-869B-66A59D9C6C60}.Release|x86.ActiveCfg = Release|Any CPU
		{81197EA3-5063-4843-869B-66A59D9C6C60}.Release|x86.Build.0 = Release|Any CPU
		{A5DE3034-E5B4-4B51-BE79-200F434D7C0A}.Debug|Any CPU.ActiveCfg = Debug|Any CPU
		{A5DE3034-E5B4-4B51-BE79-200F434D7C0A}.Debug|Any CPU.Build.0 = Debug|Any CPU
		{A5DE3034-E5B4-4B51-BE79-200F434D7C0A}.Debug|x64.ActiveCfg = Debug|Any CPU
		{A5DE3034-E5B4-4B51-BE79-200F434D7C0A}.Debug|x64.Build.0 = Debug|Any CPU
		{A5DE3034-E5B4-4B51-BE79-200F434D7C0A}.Debug|x86.ActiveCfg = Debug|Any CPU
		{A5DE3034-E5B4-4B51-BE79-200F434D7C0A}.Debug|x86.Build.0 = Debug|Any CPU
		{A5DE3034-E5B4-4B51-BE79-200F434D7C0A}.Release|Any CPU.ActiveCfg = Release|Any CPU
		{A5DE3034-E5B4-4B51-BE79-200F434D7C0A}.Release|Any CPU.Build.0 = Release|Any CPU
		{A5DE3034-E5B4-4B51-BE79-200F434D7C0A}.Release|x64.ActiveCfg = Release|Any CPU
		{A5DE3034-E5B4-4B51-BE79-200F434D7C0A}.Release|x64.Build.0 = Release|Any CPU
		{A5DE3034-E5B4-4B51-BE79-200F434D7C0A}.Release|x86.ActiveCfg = Release|Any CPU
		{A5DE3034-E5B4-4B51-BE79-200F434D7C0A}.Release|x86.Build.0 = Release|Any CPU
		{B4B1C6FE-E8C1-4D3C-9A62-6C4B5DE0D7C9}.Debug|Any CPU.ActiveCfg = Debug|Any CPU
		{B4B1C6FE-E8C1-4D3C-9A62-6C4B5DE0D7C9}.Debug|Any CPU.Build.0 = Debug|Any CPU
		{B4B1C6FE-E8C1-4D3C-9A62-6C4B5DE0D7C9}.Debug|x64.ActiveCfg = Debug|Any CPU
		{B4B1C6FE-E8C1-4D3C-9A62-6C4B5DE0D7C9}.Debug|x64.Build.0 = Debug|Any CPU
		{B4B1C6FE-E8C1-4D3C-9A62-6C4B5DE0D7C9}.Debug|x86.ActiveCfg = Debug|Any CPU
		{B4B1C6FE-E8C1-4D3C-9A62-6C4B5DE0D7C9}.Debug|x86.Build.0 = Debug|Any CPU
		{B4B1C6FE-E8C1-4D3C-9A62-6C4B5DE0D7C9}.Release|Any CPU.ActiveCfg = Release|Any CPU
		{B4B1C6FE-E8C1-4D3C-9A62-6C4B5DE0D7C9}.Release|Any CPU.Build.0 = Release|Any CPU
		{B4B1C6FE-E8C1-4D3C-9A62-6C4B5DE0D7C9}.Release|x64.ActiveCfg = Release|Any CPU
		{B4B1C6FE-E8C1-4D3C-9A62-6C4B5DE0D7C9}.Release|x64.Build.0 = Release|Any CPU
		{B4B1C6FE-E8C1-4D3C-9A62-6C4B5DE0D7C9}.Release|x86.ActiveCfg = Release|Any CPU
		{B4B1C6FE-E8C1-4D3C-9A62-6C4B5DE0D7C9}.Release|x86.Build.0 = Release|Any CPU
	EndGlobalSection
	GlobalSection(SolutionProperties) = preSolution
		HideSolutionNode = FALSE
	EndGlobalSection
	GlobalSection(NestedProjects) = preSolution
		{21DA834E-79D2-4535-B3EA-E98271972049} = {827E0CD3-B72D-47B6-A68D-7590B98EB39B}
		{14F589C1-8DD7-4FA2-A802-34D784B3308F} = {827E0CD3-B72D-47B6-A68D-7590B98EB39B}
		{D0F004D9-D8FA-4A7B-9FA3-8D6ABDD33CFA} = {827E0CD3-B72D-47B6-A68D-7590B98EB39B}
		{16FA1548-6F45-4AB8-B2F1-DE512CCEC254} = {827E0CD3-B72D-47B6-A68D-7590B98EB39B}
		{81197EA3-5063-4843-869B-66A59D9C6C60} = {0AB3BF05-4346-4AA6-1389-037BE0695223}
		{A5DE3034-E5B4-4B51-BE79-200F434D7C0A} = {0AB3BF05-4346-4AA6-1389-037BE0695223}
		{B4B1C6FE-E8C1-4D3C-9A62-6C4B5DE0D7C9} = {0AB3BF05-4346-4AA6-1389-037BE0695223}
	EndGlobalSection
EndGlobal
